
Microsoft Visual Studio Solution File, Format Version 12.00
# Visual Studio Version 16
VisualStudioVersion = 16.0.29613.14
MinimumVisualStudioVersion = 10.0.40219.1
Project("{FAE04EC0-301F-11D3-BF4B-00C04F79EFBC}") = "MovieRental", "MovieRental\MovieRental.csproj", "{FB889C87-BFCC-4341-A89D-9499609766D0}"
EndProject
Global
	GlobalSection(SolutionConfigurationPlatforms) = preSolution
		Debug|Any CPU = Debug|Any CPU
		Release|Any CPU = Release|Any CPU
	EndGlobalSection
	GlobalSection(ProjectConfigurationPlatforms) = postSolution
		{FB889C87-BFCC-4341-A89D-9499609766D0}.Debug|Any CPU.ActiveCfg = Debug|Any CPU
		{FB889C87-BFCC-4341-A89D-9499609766D0}.Debug|Any CPU.Build.0 = Debug|Any CPU
		{FB889C87-BFCC-4341-A89D-9499609766D0}.Release|Any CPU.ActiveCfg = Release|Any CPU
		{FB889C87-BFCC-4341-A89D-9499609766D0}.Release|Any CPU.Build.0 = Release|Any CPU
	EndGlobalSection
	GlobalSection(SolutionProperties) = preSolution
		HideSolutionNode = FALSE
	EndGlobalSection
	GlobalSection(ExtensibilityGlobals) = postSolution
		SolutionGuid = {BC1A1923-6743-4C21-A571-C05CED5ED194}
	EndGlobalSection
EndGlobal
